{
  "nodes": {
    "flake-utils": {
      "inputs": {
        "systems": "systems"
      },
      "locked": {
        "lastModified": 1731533236,
        "narHash": "sha256-l0KFg5HjrsfsO/JpG+r7fRrqm12kzFHyUHqHCVpMMbI=",
        "owner": "numtide",
        "repo": "flake-utils",
        "rev": "11707dc2f618dd54ca8739b309ec4fc024de578b",
        "type": "github"
      },
      "original": {
        "owner": "numtide",
        "repo": "flake-utils",
        "type": "github"
      }
    },
    "htmltest-nixpkgs": {
      "locked": {
        "lastModified": 1750386251,
        "narHash": "sha256-1ovgdmuDYVo5OUC5NzdF+V4zx2uT8RtsgZahxidBTyw=",
        "owner": "NixOS",
        "repo": "nixpkgs",
        "rev": "076e8c6678d8c54204abcb4b1b14c366835a58bb",
        "type": "github"
      },
      "original": {
        "owner": "NixOS",
        "repo": "nixpkgs",
        "rev": "076e8c6678d8c54204abcb4b1b14c366835a58bb",
        "type": "github"
      }
    },
    "hugo-nixpkgs": {
      "locked": {
        "lastModified": 1748344075,
        "narHash": "sha256-PsZAY3H0e/PBoDVn4fLwGEmeSwESj7SZPZ6CMfgbWFU=",
        "owner": "NixOS",
        "repo": "nixpkgs",
        "rev": "e0042dedfbc9134ef973f64e5c7f56a38cc5cc97",
        "type": "github"
      },
      "original": {
        "owner": "NixOS",
        "repo": "nixpkgs",
        "rev": "e0042dedfbc9134ef973f64e5c7f56a38cc5cc97",
        "type": "github"
      }
    },
    "nodejs-nixpkgs": {
      "locked": {
        "lastModified": 1678347440,
        "narHash": "sha256-mMhmVy0AarJjc0sbV6EEE4MpLYIGoyusLcr7fqM49Vw=",
        "owner": "NixOS",
        "repo": "nixpkgs",
        "rev": "6adf48f53d819a7b6e15672817fa1e78e5f4e84f",
        "type": "github"
      },
      "original": {
        "owner": "NixOS",
        "repo": "nixpkgs",
        "rev": "6adf48f53d819a7b6e15672817fa1e78e5f4e84f",
        "type": "github"
      }
    },
    "root": {
      "inputs": {
        "flake-utils": "flake-utils",
        "htmltest-nixpkgs": "htmltest-nixpkgs",
        "hugo-nixpkgs": "hugo-nixpkgs",
        "nodejs-nixpkgs": "nodejs-nixpkgs"
      }
    },
    "systems": {
      "locked": {
        "lastModified": 1681028828,
        "narHash": "sha256-Vy1rq5AaRuLzOxct8nz4T6wlgyUR7zLU309k9mBC768=",
        "owner": "nix-systems",
        "repo": "default",
        "rev": "da67096a3b9bf56a91d16901293e51ba5b49a27e",
        "type": "github"
      },
      "original": {
        "owner": "nix-systems",
        "repo": "default",
        "type": "github"
      }
    }
  },
  "root": "root",
  "version": 7
}
